
Microsoft Visual Studio Solution File, Format Version 12.00
# Visual Studio 15
VisualStudioVersion = 15.0.26014.0
MinimumVisualStudioVersion = 10.0.40219.1
Project("{FAE04EC0-301F-11D3-BF4B-00C04F79EFBC}") = "WebServices", "WebServices\WebServices.csproj", "{30163407-D0D4-4DD0-BA8B-87ACE39CBD66}"
EndProject
Project("{2150E333-8FDC-42A3-9474-1A3956D46DE8}") = "DAL", "DAL", "{8446C36B-3A5E-491E-9D28-A0AEB04C9E3F}"
EndProject
Project("{FAE04EC0-301F-11D3-BF4B-00C04F79EFBC}") = "Flights", "Flights\Flights.csproj", "{DB6CD278-56CD-4604-AF12-9DCE8E70093F}"
EndProject
Project("{FAE04EC0-301F-11D3-BF4B-00C04F79EFBC}") = "Hotels", "Hotels\Hotels.csproj", "{F1A242C4-CBEE-4AB4-AB11-CD6DBDB1A6B1}"
EndProject
Project("{2150E333-8FDC-42A3-9474-1A3956D46DE8}") = "BL", "BL", "{D73D0402-B2BF-40D3-9C57-7AA02718F860}"
EndProject
Project("{FAE04EC0-301F-11D3-BF4B-00C04F79EFBC}") = "Bookings", "Bookings\Bookings.csproj", "{B86D27DD-D202-48D1-9B48-85CB13048577}"
EndProject
Project("{FAE04EC0-301F-11D3-BF4B-00C04F79EFBC}") = "BookingsManager", "BookingsManager\BookingsManager.csproj", "{A69CE1DD-7B4F-4A59-9DAF-218262EAC75F}"
EndProject
Project("{FAE04EC0-301F-11D3-BF4B-00C04F79EFBC}") = "BookingFlights", "BookingFlights\BookingFlights.csproj", "{95A653D8-FF3D-4093-A8BF-55EB343C8051}"
EndProject
Project("{FAE04EC0-301F-11D3-BF4B-00C04F79EFBC}") = "BookingHotels", "BookingHotels\BookingHotels.csproj", "{C573A6DD-DD28-4F29-8C08-0EAD8FC91368}"
EndProject
Global
	GlobalSection(SolutionConfigurationPlatforms) = preSolution
		Debug|Any CPU = Debug|Any CPU
		Release|Any CPU = Release|Any CPU
	EndGlobalSection
	GlobalSection(ProjectConfigurationPlatforms) = postSolution
		{30163407-D0D4-4DD0-BA8B-87ACE39CBD66}.Debug|Any CPU.ActiveCfg = Debug|Any CPU
		{30163407-D0D4-4DD0-BA8B-87ACE39CBD66}.Debug|Any CPU.Build.0 = Debug|Any CPU
		{30163407-D0D4-4DD0-BA8B-87ACE39CBD66}.Release|Any CPU.ActiveCfg = Release|Any CPU
		{30163407-D0D4-4DD0-BA8B-87ACE39CBD66}.Release|Any CPU.Build.0 = Release|Any CPU
		{DB6CD278-56CD-4604-AF12-9DCE8E70093F}.Debug|Any CPU.ActiveCfg = Debug|Any CPU
		{DB6CD278-56CD-4604-AF12-9DCE8E70093F}.Debug|Any CPU.Build.0 = Debug|Any CPU
		{DB6CD278-56CD-4604-AF12-9DCE8E70093F}.Release|Any CPU.ActiveCfg = Release|Any CPU
		{DB6CD278-56CD-4604-AF12-9DCE8E70093F}.Release|Any CPU.Build.0 = Release|Any CPU
		{F1A242C4-CBEE-4AB4-AB11-CD6DBDB1A6B1}.Debug|Any CPU.ActiveCfg = Debug|Any CPU
		{F1A242C4-CBEE-4AB4-AB11-CD6DBDB1A6B1}.Debug|Any CPU.Build.0 = Debug|Any CPU
		{F1A242C4-CBEE-4AB4-AB11-CD6DBDB1A6B1}.Release|Any CPU.ActiveCfg = Release|Any CPU
		{F1A242C4-CBEE-4AB4-AB11-CD6DBDB1A6B1}.Release|Any CPU.Build.0 = Release|Any CPU
		{B86D27DD-D202-48D1-9B48-85CB13048577}.Debug|Any CPU.ActiveCfg = Debug|Any CPU
		{B86D27DD-D202-48D1-9B48-85CB13048577}.Debug|Any CPU.Build.0 = Debug|Any CPU
		{B86D27DD-D202-48D1-9B48-85CB13048577}.Release|Any CPU.ActiveCfg = Release|Any CPU
		{B86D27DD-D202-48D1-9B48-85CB13048577}.Release|Any CPU.Build.0 = Release|Any CPU
		{A69CE1DD-7B4F-4A59-9DAF-218262EAC75F}.Debug|Any CPU.ActiveCfg = Debug|Any CPU
		{A69CE1DD-7B4F-4A59-9DAF-218262EAC75F}.Debug|Any CPU.Build.0 = Debug|Any CPU
		{A69CE1DD-7B4F-4A59-9DAF-218262EAC75F}.Release|Any CPU.ActiveCfg = Release|Any CPU
		{A69CE1DD-7B4F-4A59-9DAF-218262EAC75F}.Release|Any CPU.Build.0 = Release|Any CPU
		{95A653D8-FF3D-4093-A8BF-55EB343C8051}.Debug|Any CPU.ActiveCfg = Debug|Any CPU
		{95A653D8-FF3D-4093-A8BF-55EB343C8051}.Debug|Any CPU.Build.0 = Debug|Any CPU
		{95A653D8-FF3D-4093-A8BF-55EB343C8051}.Release|Any CPU.ActiveCfg = Release|Any CPU
		{95A653D8-FF3D-4093-A8BF-55EB343C8051}.Release|Any CPU.Build.0 = Release|Any CPU
		{C573A6DD-DD28-4F29-8C08-0EAD8FC91368}.Debug|Any CPU.ActiveCfg = Debug|Any CPU
		{C573A6DD-DD28-4F29-8C08-0EAD8FC91368}.Debug|Any CPU.Build.0 = Debug|Any CPU
		{C573A6DD-DD28-4F29-8C08-0EAD8FC91368}.Release|Any CPU.ActiveCfg = Release|Any CPU
		{C573A6DD-DD28-4F29-8C08-0EAD8FC91368}.Release|Any CPU.Build.0 = Release|Any CPU
	EndGlobalSection
	GlobalSection(SolutionProperties) = preSolution
		HideSolutionNode = FALSE
	EndGlobalSection
	GlobalSection(NestedProjects) = preSolution
		{DB6CD278-56CD-4604-AF12-9DCE8E70093F} = {8446C36B-3A5E-491E-9D28-A0AEB04C9E3F}
		{F1A242C4-CBEE-4AB4-AB11-CD6DBDB1A6B1} = {8446C36B-3A5E-491E-9D28-A0AEB04C9E3F}
		{B86D27DD-D202-48D1-9B48-85CB13048577} = {D73D0402-B2BF-40D3-9C57-7AA02718F860}
		{A69CE1DD-7B4F-4A59-9DAF-218262EAC75F} = {D73D0402-B2BF-40D3-9C57-7AA02718F860}
		{95A653D8-FF3D-4093-A8BF-55EB343C8051} = {8446C36B-3A5E-491E-9D28-A0AEB04C9E3F}
		{C573A6DD-DD28-4F29-8C08-0EAD8FC91368} = {8446C36B-3A5E-491E-9D28-A0AEB04C9E3F}
	EndGlobalSection
EndGlobal
